
Microsoft Visual Studio Solution File, Format Version 12.00
# Visual Studio 15
VisualStudioVersion = 15.0.28010.2046
MinimumVisualStudioVersion = 10.0.40219.1
Project("{FAE04EC0-301F-11D3-BF4B-00C04F79EFBC}") = "Controllers", "Controllers\Controllers.csproj", "{B7E2481F-AD3D-421D-97BD-8896C93CD0C3}"
EndProject
Project("{FAE04EC0-301F-11D3-BF4B-00C04F79EFBC}") = "DatabaseConnection", "DatabaseConnection\DatabaseConnection.csproj", "{F18F4490-7C02-42EA-AC88-A8CE3EF711B2}"
EndProject
Project("{FAE04EC0-301F-11D3-BF4B-00C04F79EFBC}") = "Services", "Services\Services.csproj", "{C5B9C46F-2675-4F32-B00E-FA02C4E0F8B4}"
EndProject
Project("{FAE04EC0-301F-11D3-BF4B-00C04F79EFBC}") = "Tests", "Tests\Tests.csproj", "{CA175124-1B63-4B84-B2A7-AC4FF39096B8}"
EndProject
Global
	GlobalSection(SolutionConfigurationPlatforms) = preSolution
		Debug|Any CPU = Debug|Any CPU
		Release|Any CPU = Release|Any CPU
	EndGlobalSection
	GlobalSection(ProjectConfigurationPlatforms) = postSolution
		{B7E2481F-AD3D-421D-97BD-8896C93CD0C3}.Debug|Any CPU.ActiveCfg = Debug|Any CPU
		{B7E2481F-AD3D-421D-97BD-8896C93CD0C3}.Debug|Any CPU.Build.0 = Debug|Any CPU
		{B7E2481F-AD3D-421D-97BD-8896C93CD0C3}.Release|Any CPU.ActiveCfg = Release|Any CPU
		{B7E2481F-AD3D-421D-97BD-8896C93CD0C3}.Release|Any CPU.Build.0 = Release|Any CPU
		{F18F4490-7C02-42EA-AC88-A8CE3EF711B2}.Debug|Any CPU.ActiveCfg = Debug|Any CPU
		{F18F4490-7C02-42EA-AC88-A8CE3EF711B2}.Debug|Any CPU.Build.0 = Debug|Any CPU
		{F18F4490-7C02-42EA-AC88-A8CE3EF711B2}.Release|Any CPU.ActiveCfg = Release|Any CPU
		{F18F4490-7C02-42EA-AC88-A8CE3EF711B2}.Release|Any CPU.Build.0 = Release|Any CPU
		{C5B9C46F-2675-4F32-B00E-FA02C4E0F8B4}.Debug|Any CPU.ActiveCfg = Debug|Any CPU
		{C5B9C46F-2675-4F32-B00E-FA02C4E0F8B4}.Debug|Any CPU.Build.0 = Debug|Any CPU
		{C5B9C46F-2675-4F32-B00E-FA02C4E0F8B4}.Release|Any CPU.ActiveCfg = Release|Any CPU
		{C5B9C46F-2675-4F32-B00E-FA02C4E0F8B4}.Release|Any CPU.Build.0 = Release|Any CPU
		{CA175124-1B63-4B84-B2A7-AC4FF39096B8}.Debug|Any CPU.ActiveCfg = Debug|Any CPU
		{CA175124-1B63-4B84-B2A7-AC4FF39096B8}.Debug|Any CPU.Build.0 = Debug|Any CPU
		{CA175124-1B63-4B84-B2A7-AC4FF39096B8}.Release|Any CPU.ActiveCfg = Release|Any CPU
		{CA175124-1B63-4B84-B2A7-AC4FF39096B8}.Release|Any CPU.Build.0 = Release|Any CPU
	EndGlobalSection
	GlobalSection(SolutionProperties) = preSolution
		HideSolutionNode = FALSE
	EndGlobalSection
	GlobalSection(ExtensibilityGlobals) = postSolution
		SolutionGuid = {E2BABF8B-8BA8-4E13-87AD-AD3B4569E49C}
	EndGlobalSection
EndGlobal
